// !$*UTF8*$!
{
	archiveVersion = 1;
	classes = {
	};
	objectVersion = 48;
	objects = {

/* Begin PBXBuildFile section */
		014C7A332089404A00D4649F /* ToDoItem.xcdatamodeld in Sources */ = {isa = PBXBuildFile; fileRef = 014C7A312089404A00D4649F /* ToDoItem.xcdatamodeld */; };
		01582605208C089F002565F9 /* CategoryTableViewController.swift in Sources */ = {isa = PBXBuildFile; fileRef = 01582604208C089F002565F9 /* CategoryTableViewController.swift */; };
		015D3593208592DD0083DFF0 /* AppDelegate.swift in Sources */ = {isa = PBXBuildFile; fileRef = 015D3592208592DD0083DFF0 /* AppDelegate.swift */; };
		015D3595208592DD0083DFF0 /* TheDoListViewController.swift in Sources */ = {isa = PBXBuildFile; fileRef = 015D3594208592DD0083DFF0 /* TheDoListViewController.swift */; };
		015D3598208592DD0083DFF0 /* Main.storyboard in Resources */ = {isa = PBXBuildFile; fileRef = 015D3596208592DD0083DFF0 /* Main.storyboard */; };
		015D359A208592DD0083DFF0 /* Assets.xcassets in Resources */ = {isa = PBXBuildFile; fileRef = 015D3599208592DD0083DFF0 /* Assets.xcassets */; };
		015D359D208592DD0083DFF0 /* LaunchScreen.storyboard in Resources */ = {isa = PBXBuildFile; fileRef = 015D359B208592DD0083DFF0 /* LaunchScreen.storyboard */; };
/* End PBXBuildFile section */

/* Begin PBXFileReference section */
		014C7A322089404A00D4649F /* ToDoItem.xcdatamodel */ = {isa = PBXFileReference; lastKnownFileType = wrapper.xcdatamodel; path = ToDoItem.xcdatamodel; sourceTree = "<group>"; };
		01582604208C089F002565F9 /* CategoryTableViewController.swift */ = {isa = PBXFileReference; lastKnownFileType = sourcecode.swift; path = CategoryTableViewController.swift; sourceTree = "<group>"; };
		015D358F208592DD0083DFF0 /* The Do App.app */ = {isa = PBXFileReference; explicitFileType = wrapper.application; includeInIndex = 0; path = "The Do App.app"; sourceTree = BUILT_PRODUCTS_DIR; };
		015D3592208592DD0083DFF0 /* AppDelegate.swift */ = {isa = PBXFileReference; lastKnownFileType = sourcecode.swift; path = AppDelegate.swift; sourceTree = "<group>"; };
		015D3594208592DD0083DFF0 /* TheDoListViewController.swift */ = {isa = PBXFileReference; lastKnownFileType = sourcecode.swift; path = TheDoListViewController.swift; sourceTree = "<group>"; };
		015D3597208592DD0083DFF0 /* Base */ = {isa = PBXFileReference; lastKnownFileType = file.storyboard; name = Base; path = Base.lproj/Main.storyboard; sourceTree = "<group>"; };
		015D3599208592DD0083DFF0 /* Assets.xcassets */ = {isa = PBXFileReference; lastKnownFileType = folder.assetcatalog; path = Assets.xcassets; sourceTree = "<group>"; };
		015D359C208592DD0083DFF0 /* Base */ = {isa = PBXFileReference; lastKnownFileType = file.storyboard; name = Base; path = Base.lproj/LaunchScreen.storyboard; sourceTree = "<group>"; };
		015D359E208592DD0083DFF0 /* Info.plist */ = {isa = PBXFileReference; lastKnownFileType = text.plist.xml; path = Info.plist; sourceTree = "<group>"; };
/* End PBXFileReference section */

/* Begin PBXFrameworksBuildPhase section */
		015D358C208592DD0083DFF0 /* Frameworks */ = {
			isa = PBXFrameworksBuildPhase;
			buildActionMask = 2147483647;
			files = (
			);
			runOnlyForDeploymentPostprocessing = 0;
		};
/* End PBXFrameworksBuildPhase section */

/* Begin PBXGroup section */
		015D3586208592DD0083DFF0 = {
			isa = PBXGroup;
			children = (
				015D3591208592DD0083DFF0 /* The Do App */,
				015D3590208592DD0083DFF0 /* Products */,
			);
			sourceTree = "<group>";
		};
		015D3590208592DD0083DFF0 /* Products */ = {
			isa = PBXGroup;
			children = (
				015D358F208592DD0083DFF0 /* The Do App.app */,
			);
			name = Products;
			sourceTree = "<group>";
		};
		015D3591208592DD0083DFF0 /* The Do App */ = {
			isa = PBXGroup;
			children = (
				015D3592208592DD0083DFF0 /* AppDelegate.swift */,
				015D35A62086B1FF0083DFF0 /* Model */,
				015D35A42086B1EE0083DFF0 /* Controller */,
				015D35A52086B1F90083DFF0 /* View */,
				015D35A92086B4080083DFF0 /* Supporting Files */,
				015D359E208592DD0083DFF0 /* Info.plist */,
			);
			path = "The Do App";
			sourceTree = "<group>";
		};
		015D35A42086B1EE0083DFF0 /* Controller */ = {
			isa = PBXGroup;
			children = (
				015D3594208592DD0083DFF0 /* TheDoListViewController.swift */,
				01582604208C089F002565F9 /* CategoryTableViewController.swift */,
			);
			path = Controller;
			sourceTree = "<group>";
		};
		015D35A52086B1F90083DFF0 /* View */ = {
			isa = PBXGroup;
			children = (
				015D3596208592DD0083DFF0 /* Main.storyboard */,
			);
			path = View;
			sourceTree = "<group>";
		};
		015D35A62086B1FF0083DFF0 /* Model */ = {
			isa = PBXGroup;
			children = (
				014C7A312089404A00D4649F /* ToDoItem.xcdatamodeld */,
			);
			path = Model;
			sourceTree = "<group>";
		};
		015D35A92086B4080083DFF0 /* Supporting Files */ = {
			isa = PBXGroup;
			children = (
				015D3599208592DD0083DFF0 /* Assets.xcassets */,
				015D359B208592DD0083DFF0 /* LaunchScreen.storyboard */,
			);
			path = "Supporting Files";
			sourceTree = "<group>";
		};
/* End PBXGroup section */

/* Begin PBXNativeTarget section */
		015D358E208592DD0083DFF0 /* The Do App */ = {
			isa = PBXNativeTarget;
			buildConfigurationList = 015D35A1208592DD0083DFF0 /* Build configuration list for PBXNativeTarget "The Do App" */;
			buildPhases = (
				015D358B208592DD0083DFF0 /* Sources */,
				015D358C208592DD0083DFF0 /* Frameworks */,
				015D358D208592DD0083DFF0 /* Resources */,
			);
			buildRules = (
			);
			dependencies = (
			);
			name = "The Do App";
			productName = "The Do App";
			productReference = 015D358F208592DD0083DFF0 /* The Do App.app */;
			productType = "com.apple.product-type.application";
		};
/* End PBXNativeTarget section */

/* Begin PBXProject section */
		015D3587208592DD0083DFF0 /* Project object */ = {
			isa = PBXProject;
			attributes = {
				LastSwiftUpdateCheck = 0910;
				LastUpgradeCheck = 0910;
				ORGANIZATIONNAME = "Nick John";
				TargetAttributes = {
					015D358E208592DD0083DFF0 = {
						CreatedOnToolsVersion = 9.1;
						ProvisioningStyle = Automatic;
					};
				};
			};
			buildConfigurationList = 015D358A208592DD0083DFF0 /* Build configuration list for PBXProject "The Do App" */;
			compatibilityVersion = "Xcode 8.0";
			developmentRegion = en;
			hasScannedForEncodings = 0;
			knownRegions = (
				en,
				Base,
			);
			mainGroup = 015D3586208592DD0083DFF0;
			productRefGroup = 015D3590208592DD0083DFF0 /* Products */;
			projectDirPath = "";
			projectRoot = "";
			targets = (
				015D358E208592DD0083DFF0 /* The Do App */,
			);
		};
/* End PBXProject section */

/* Begin PBXResourcesBuildPhase section */
		015D358D208592DD0083DFF0 /* Resources */ = {
			isa = PBXResourcesBuildPhase;
			buildActionMask = 2147483647;
			files = (
				015D359D208592DD0083DFF0 /* LaunchScreen.storyboard in Resources */,
				015D359A208592DD0083DFF0 /* Assets.xcassets in Resources */,
				015D3598208592DD0083DFF0 /* Main.storyboard in Resources */,
			);
			runOnlyForDeploymentPostprocessing = 0;
		};
/* End PBXResourcesBuildPhase section */

/* Begin PBXSourcesBuildPhase section */
		015D358B208592DD0083DFF0 /* Sources */ = {
			isa = PBXSourcesBuildPhase;
			buildActionMask = 2147483647;
			files = (
				015D3595208592DD0083DFF0 /* TheDoListViewController.swift in Sources */,
				014C7A332089404A00D4649F /* ToDoItem.xcdatamodeld in Sources */,
				015D3593208592DD0083DFF0 /* AppDelegate.swift in Sources */,
				01582605208C089F002565F9 /* CategoryTableViewController.swift in Sources */,
			);
			runOnlyForDeploymentPostprocessing = 0;
		};
/* End PBXSourcesBuildPhase section */

/* Begin PBXVariantGroup section */
		015D3596208592DD0083DFF0 /* Main.storyboard */ = {
			isa = PBXVariantGroup;
			children = (
				015D3597208592DD0083DFF0 /* Base */,
			);
			name = Main.storyboard;
			sourceTree = "<group>";
		};
		015D359B208592DD0083DFF0 /* LaunchScreen.storyboard */ = {
			isa = PBXVariantGroup;
			children = (
				015D359C208592DD0083DFF0 /* Base */,
			);
			name = LaunchScreen.storyboard;
			sourceTree = "<group>";
		};
/* End PBXVariantGroup section */

/* Begin XCBuildConfiguration section */
		015D359F208592DD0083DFF0 /* Debug */ = {
			isa = XCBuildConfiguration;
			buildSettings = {
				ALWAYS_SEARCH_USER_PATHS = NO;
				CLANG_ANALYZER_NONNULL = YES;
				CLANG_ANALYZER_NUMBER_OBJECT_CONVERSION = YES_AGGRESSIVE;
				CLANG_CXX_LANGUAGE_STANDARD = "gnu++14";
				CLANG_CXX_LIBRARY = "libc++";
				CLANG_ENABLE_MODULES = YES;
				CLANG_ENABLE_OBJC_ARC = YES;
				CLANG_WARN_BLOCK_CAPTURE_AUTORELEASING = YES;
				CLANG_WARN_BOOL_CONVERSION = YES;
				CLANG_WARN_COMMA = YES;
				CLANG_WARN_CONSTANT_CONVERSION = YES;
				CLANG_WARN_DIRECT_OBJC_ISA_USAGE = YES_ERROR;
				CLANG_WARN_DOCUMENTATION_COMMENTS = YES;
				CLANG_WARN_EMPTY_BODY = YES;
				CLANG_WARN_ENUM_CONVERSION = YES;
				CLANG_WARN_INFINITE_RECURSION = YES;
				CLANG_WARN_INT_CONVERSION = YES;
				CLANG_WARN_NON_LITERAL_NULL_CONVERSION = YES;
				CLANG_WARN_OBJC_LITERAL_CONVERSION = YES;
				CLANG_WARN_OBJC_ROOT_CLASS = YES_ERROR;
				CLANG_WARN_RANGE_LOOP_ANALYSIS = YES;
				CLANG_WARN_STRICT_PROTOTYPES = YES;
				CLANG_WARN_SUSPICIOUS_MOVE = YES;
				CLANG_WARN_UNGUARDED_AVAILABILITY = YES_AGGRESSIVE;
				CLANG_WARN_UNREACHABLE_CODE = YES;
				CLANG_WARN__DUPLICATE_METHOD_MATCH = YES;
				CODE_SIGN_IDENTITY = "iPhone Developer";
				COPY_PHASE_STRIP = NO;
				DEBUG_INFORMATION_FORMAT = dwarf;
				ENABLE_STRICT_OBJC_MSGSEND = YES;
				ENABLE_TESTABILITY = YES;
				GCC_C_LANGUAGE_STANDARD = gnu11;
				GCC_DYNAMIC_NO_PIC = NO;
				GCC_NO_COMMON_BLOCKS = YES;
				GCC_OPTIMIZATION_LEVEL = 0;
				GCC_PREPROCESSOR_DEFINITIONS = (
					"DEBUG=1",
					"$(inherited)",
				);
				GCC_WARN_64_TO_32_BIT_CONVERSION = YES;
				GCC_WARN_ABOUT_RETURN_TYPE = YES_ERROR;
				GCC_WARN_UNDECLARED_SELECTOR = YES;
				GCC_WARN_UNINITIALIZED_AUTOS = YES_AGGRESSIVE;
				GCC_WARN_UNUSED_FUNCTION = YES;
				GCC_WARN_UNUSED_VARIABLE = YES;
				IPHONEOS_DEPLOYMENT_TARGET = 11.1;
				MTL_ENABLE_DEBUG_INFO = YES;
				ONLY_ACTIVE_ARCH = YES;
				SDKROOT = iphoneos;
				SWIFT_ACTIVE_COMPILATION_CONDITIONS = DEBUG;
				SWIFT_OPTIMIZATION_LEVEL = "-Onone";
			};
			name = Debug;
		};
		015D35A0208592DD0083DFF0 /* Release */ = {
			isa = XCBuildConfiguration;
			buildSettings = {
				ALWAYS_SEARCH_USER_PATHS = NO;
				CLANG_ANALYZER_NONNULL = YES;
				CLANG_ANALYZER_NUMBER_OBJECT_CONVERSION = YES_AGGRESSIVE;
				CLANG_CXX_LANGUAGE_STANDARD = "gnu++14";
				CLANG_CXX_LIBRARY = "libc++";
				CLANG_ENABLE_MODULES = YES;
				CLANG_ENABLE_OBJC_ARC = YES;
				CLANG_WARN_BLOCK_CAPTURE_AUTORELEASING = YES;
				CLANG_WARN_BOOL_CONVERSION = YES;
				CLANG_WARN_COMMA = YES;
				CLANG_WARN_CONSTANT_CONVERSION = YES;
				CLANG_WARN_DIRECT_OBJC_ISA_USAGE = YES_ERROR;
				CLANG_WARN_DOCUMENTATION_COMMENTS = YES;
				CLANG_WARN_EMPTY_BODY = YES;
				CLANG_WARN_ENUM_CONVERSION = YES;
				CLANG_WARN_INFINITE_RECURSION = YES;
				CLANG_WARN_INT_CONVERSION = YES;
				CLANG_WARN_NON_LITERAL_NULL_CONVERSION = YES;
				CLANG_WARN_OBJC_LITERAL_CONVERSION = YES;
				CLANG_WARN_OBJC_ROOT_CLASS = YES_ERROR;
				CLANG_WARN_RANGE_LOOP_ANALYSIS = YES;
				CLANG_WARN_STRICT_PROTOTYPES = YES;
				CLANG_WARN_SUSPICIOUS_MOVE = YES;
				CLANG_WARN_UNGUARDED_AVAILABILITY = YES_AGGRESSIVE;
				CLANG_WARN_UNREACHABLE_CODE = YES;
				CLANG_WARN__DUPLICATE_METHOD_MATCH = YES;
				CODE_SIGN_IDENTITY = "iPhone Developer";
				COPY_PHASE_STRIP = NO;
				DEBUG_INFORMATION_FORMAT = "dwarf-with-dsym";
				ENABLE_NS_ASSERTIONS = NO;
				ENABLE_STRICT_OBJC_MSGSEND = YES;
				GCC_C_LANGUAGE_STANDARD = gnu11;
				GCC_NO_COMMON_BLOCKS = YES;
				GCC_WARN_64_TO_32_BIT_CONVERSION = YES;
				GCC_WARN_ABOUT_RETURN_TYPE = YES_ERROR;
				GCC_WARN_UNDECLARED_SELECTOR = YES;
				GCC_WARN_UNINITIALIZED_AUTOS = YES_AGGRESSIVE;
				GCC_WARN_UNUSED_FUNCTION = YES;
				GCC_WARN_UNUSED_VARIABLE = YES;
				IPHONEOS_DEPLOYMENT_TARGET = 11.1;
				MTL_ENABLE_DEBUG_INFO = NO;
				SDKROOT = iphoneos;
				SWIFT_OPTIMIZATION_LEVEL = "-Owholemodule";
				VALIDATE_PRODUCT = YES;
			};
			name = Release;
		};
		015D35A2208592DD0083DFF0 /* Debug */ = {
			isa = XCBuildConfiguration;
			buildSettings = {
				ASSETCATALOG_COMPILER_APPICON_NAME = AppIcon;
				CODE_SIGN_STYLE = Automatic;
				DEVELOPMENT_TEAM = B898788URK;
				INFOPLIST_FILE = "The Do App/Info.plist";
				LD_RUNPATH_SEARCH_PATHS = "$(inherited) @executable_path/Frameworks";
				PRODUCT_BUNDLE_IDENTIFIER = "com.typepad.nickjleon.The-Do-App";
				PRODUCT_NAME = "$(TARGET_NAME)";
				SWIFT_VERSION = 4.0;
				TARGETED_DEVICE_FAMILY = "1,2";
			};
			name = Debug;
		};
		015D35A3208592DD0083DFF0 /* Release */ = {
			isa = XCBuildConfiguration;
			buildSettings = {
				ASSETCATALOG_COMPILER_APPICON_NAME = AppIcon;
				CODE_SIGN_STYLE = Automatic;
				DEVELOPMENT_TEAM = B898788URK;
				INFOPLIST_FILE = "The Do App/Info.plist";
				LD_RUNPATH_SEARCH_PATHS = "$(inherited) @executable_path/Frameworks";
				PRODUCT_BUNDLE_IDENTIFIER = "com.typepad.nickjleon.The-Do-App";
				PRODUCT_NAME = "$(TARGET_NAME)";
				SWIFT_VERSION = 4.0;
				TARGETED_DEVICE_FAMILY = "1,2";
			};
			name = Release;
		};
/* End XCBuildConfiguration section */

/* Begin XCConfigurationList section */
		015D358A208592DD0083DFF0 /* Build configuration list for PBXProject "The Do App" */ = {
			isa = XCConfigurationList;
			buildConfigurations = (
				015D359F208592DD0083DFF0 /* Debug */,
				015D35A0208592DD0083DFF0 /* Release */,
			);
			defaultConfigurationIsVisible = 0;
			defaultConfigurationName = Release;
		};
		015D35A1208592DD0083DFF0 /* Build configuration list for PBXNativeTarget "The Do App" */ = {
			isa = XCConfigurationList;
			buildConfigurations = (
				015D35A2208592DD0083DFF0 /* Debug */,
				015D35A3208592DD0083DFF0 /* Release */,
			);
			defaultConfigurationIsVisible = 0;
			defaultConfigurationName = Release;
		};
/* End XCConfigurationList section */

/* Begin XCVersionGroup section */
		014C7A312089404A00D4649F /* ToDoItem.xcdatamodeld */ = {
			isa = XCVersionGroup;
			children = (
				014C7A322089404A00D4649F /* ToDoItem.xcdatamodel */,
			);
			currentVersion = 014C7A322089404A00D4649F /* ToDoItem.xcdatamodel */;
			name = ToDoItem.xcdatamodeld;
			path = ../../ToDoItem.xcdatamodeld;
			sourceTree = "<group>";
			versionGroupType = wrapper.xcdatamodel;
		};
/* End XCVersionGroup section */
	};
	rootObject = 015D3587208592DD0083DFF0 /* Project object */;
}
